PODS:
  - Alamofire (4.5.1)
  - Cosmos (12.0.1)
  - DKImagePickerController (3.8.1):
    - DKImagePickerController/Camera (= 3.8.1)
    - DKImagePickerController/ImageManager (= 3.8.1)
  - DKImagePickerController/Camera (3.8.1)
  - DKImagePickerController/ImageManager (3.8.1)
  - IQKeyboardManagerSwift (5.0.6)
  - Kingfisher (4.2.0)
  - MBProgressHUD (1.0.0)
  - MJRefresh (3.1.15)
  - PYSearch (0.8.6)
  - SKPhotoBrowser (4.1.1)
  - SnapKit (4.0.0)
  - SwiftyJSON (3.1.4)
  - WechatOpenSDK (1.8.0)

DEPENDENCIES:
  - Alamofire (~> 4.5.1)
  - Cosmos (~> 12.0.1)
  - DKImagePickerController
  - IQKeyboardManagerSwift (~> 5.0.6)
  - Kingfisher (~> 4.2.0)
  - MBProgressHUD (~> 1.0.0)
  - MJRefresh
  - PYSearch
  - SKPhotoBrowser
  - SnapKit (~> 4.0.0)
  - SwiftyJSON
  - WechatOpenSDK

SPEC REPOS:
  https://github.com/cocoapods/specs.git:
    - Alamofire
    - Cosmos
    - DKImagePickerController
    - IQKeyboardManagerSwift
    - Kingfisher
    - MBProgressHUD
    - MJRefresh
    - PYSearch
    - SKPhotoBrowser
    - SnapKit
    - SwiftyJSON
    - WechatOpenSDK

SPEC CHECKSUMS:
  Alamofire: 2d95912bf4c34f164fdfc335872e8c312acaea4a
  Cosmos: 4a9f57998a08788a1062c7b8eefbc62d2b590f39
  DKImagePickerController: 51ad6ee2ba05414bb741db54a72cd7f4fb178e34
  IQKeyboardManagerSwift: 02bfbb0dff71c66d0ab77d80d25dfce0c3717735
  Kingfisher: 9ee7e788d8ba07c3f21ce0d43f33cec310a4f781
  MBProgressHUD: 4890f671c94e8a0f3cf959aa731e9de2f036d71a
  MJRefresh: 9af70f5f9327a2cf87f0fb5929f35fcc2fa638ea
  PYSearch: df20532006885d1c45c8f18dc41ca172e05e755a
  SKPhotoBrowser: aa02de50f56d80fac23f543e40847af6b360e4b3
  SnapKit: a42d492c16e80209130a3379f73596c3454b7694
  SwiftyJSON: c2842d878f95482ffceec5709abc3d05680c0220
  WechatOpenSDK: 0ee07a8d492299d3e47372a33da5af26524a7576

PODFILE CHECKSUM: 9d57cf1c532f7fe0f18c87d3cc3f831e6bc9b62d

COCOAPODS: 1.5.3
